
Microsoft Visual Studio Solution File, Format Version 12.00
# Visual Studio Version 16
VisualStudioVersion = 16.0.31129.286
MinimumVisualStudioVersion = 10.0.40219.1
Project("{FAE04EC0-301F-11D3-BF4B-00C04F79EFBC}") = "Identity.API", "Identity.API\Identity.API.csproj", "{F8D276BB-89FF-4DA0-8B7C-6E0C14CC9F30}"
EndProject
Global
	GlobalSection(SolutionConfigurationPlatforms) = preSolution
		Debug|Any CPU = Debug|Any CPU
		Release|Any CPU = Release|Any CPU
	EndGlobalSection
	GlobalSection(ProjectConfigurationPlatforms) = postSolution
		{F8D276BB-89FF-4DA0-8B7C-6E0C14CC9F30}.Debug|Any CPU.ActiveCfg = Debug|Any CPU
		{F8D276BB-89FF-4DA0-8B7C-6E0C14CC9F30}.Debug|Any CPU.Build.0 = Debug|Any CPU
		{F8D276BB-89FF-4DA0-8B7C-6E0C14CC9F30}.Release|Any CPU.ActiveCfg = Release|Any CPU
		{F8D276BB-89FF-4DA0-8B7C-6E0C14CC9F30}.Release|Any CPU.Build.0 = Release|Any CPU
	EndGlobalSection
	GlobalSection(SolutionProperties) = preSolution
		HideSolutionNode = FALSE
	EndGlobalSection
	GlobalSection(ExtensibilityGlobals) = postSolution
		SolutionGuid = {7B6E0B9D-BA34-4B57-AE1A-FADA08C75FF3}
	EndGlobalSection
EndGlobal
